
Microsoft Visual Studio Solution File, Format Version 12.00
# Visual Studio Version 17
VisualStudioVersion = 17.4.33213.308
MinimumVisualStudioVersion = 10.0.40219.1
Project("{FAE04EC0-301F-11D3-BF4B-00C04F79EFBC}") = "CustomizedServices", "CustomizedServices\CustomizedServices.csproj", "{EAC290D2-A453-44FC-AE7E-55C2118EF05B}"
EndProject
Global
	GlobalSection(SolutionConfigurationPlatforms) = preSolution
		Debug|Any CPU = Debug|Any CPU
		Release|Any CPU = Release|Any CPU
	EndGlobalSection
	GlobalSection(ProjectConfigurationPlatforms) = postSolution
		{EAC290D2-A453-44FC-AE7E-55C2118EF05B}.Debug|Any CPU.ActiveCfg = Debug|Any CPU
		{EAC290D2-A453-44FC-AE7E-55C2118EF05B}.Debug|Any CPU.Build.0 = Debug|Any CPU
		{EAC290D2-A453-44FC-AE7E-55C2118EF05B}.Release|Any CPU.ActiveCfg = Release|Any CPU
		{EAC290D2-A453-44FC-AE7E-55C2118EF05B}.Release|Any CPU.Build.0 = Release|Any CPU
	EndGlobalSection
	GlobalSection(SolutionProperties) = preSolution
		HideSolutionNode = FALSE
	EndGlobalSection
	GlobalSection(ExtensibilityGlobals) = postSolution
		SolutionGuid = {312B5AB6-5E98-4B24-8C9C-0C7F04D9B6A5}
	EndGlobalSection
EndGlobal
